{
  "name": "product_catalog",
  "version": "1.0.0",
  "lockfileVersion": 1,
  "requires": true,
  "dependencies": {
    "@remix-run/router": {
      "version": "1.0.3",
      "resolved": "https://registry.npmjs.org/@remix-run/router/-/router-1.0.3.tgz",
      "integrity": "sha512-ceuyTSs7PZ/tQqi19YZNBc5X7kj1f8p+4DIyrcIYFY9h+hd1OKm4RqtiWldR9eGEvIiJfsqwM4BsuCtRIuEw6Q==",
      "dev": true
    },
    "dom7": {
      "version": "4.0.4",
      "resolved": "https://registry.npmjs.org/dom7/-/dom7-4.0.4.tgz",
      "integrity": "sha512-DSSgBzQ4rJWQp1u6o+3FVwMNnT5bzQbMb+o31TjYYeRi05uAcpF8koxdfzeoe5ElzPmua7W7N28YJhF7iEKqIw==",
      "requires": {
        "ssr-window": "^4.0.0"
      }
    },
    "husky": {
      "version": "8.0.1",
      "resolved": "https://registry.npmjs.org/husky/-/husky-8.0.1.tgz",
      "integrity": "sha512-xs7/chUH/CKdOCs7Zy0Aev9e/dKOMZf3K1Az1nar3tzlv0jfqnYtu235bstsWTmXOR0EfINrPa97yy4Lz6RiKw==",
      "dev": true
    },
    "react-router": {
      "version": "6.4.3",
      "resolved": "https://registry.npmjs.org/react-router/-/react-router-6.4.3.tgz",
      "integrity": "sha512-BT6DoGn6aV1FVP5yfODMOiieakp3z46P1Fk0RNzJMACzE7C339sFuHebfvWtnB4pzBvXXkHP2vscJzWRuUjTtA==",
      "dev": true,
      "requires": {
        "@remix-run/router": "1.0.3"
      }
    },
    "ssr-window": {
      "version": "4.0.2",
      "resolved": "https://registry.npmjs.org/ssr-window/-/ssr-window-4.0.2.tgz",
      "integrity": "sha512-ISv/Ch+ig7SOtw7G2+qkwfVASzazUnvlDTwypdLoPoySv+6MqlOV10VwPSE6EWkGjhW50lUmghPmpYZXMu/+AQ=="
    },
    "swiper": {
      "version": "8.4.4",
      "resolved": "https://registry.npmjs.org/swiper/-/swiper-8.4.4.tgz",
      "integrity": "sha512-jA/8BfOZwT8PqPSnMX0TENZYitXEhNa7ZSNj1Diqh5LZyUJoBQaZcqAiPQ/PIg1+IPaRn/V8ZYVb0nxHMh51yw==",
      "requires": {
        "dom7": "^4.0.4",
        "ssr-window": "^4.0.2"
      }
    }
  }
}
